
Microsoft Visual Studio Solution File, Format Version 12.00
# Visual Studio Version 16
VisualStudioVersion = 16.0.31112.23
MinimumVisualStudioVersion = 10.0.40219.1
Project("{9A19103F-16F7-4668-BE54-9A1E7A4F7556}") = "Task_Manager", "Task_Manager\Task_Manager.csproj", "{123236DF-C714-40D9-AD66-1D8CBE18A880}"
EndProject
Project("{FAE04EC0-301F-11D3-BF4B-00C04F79EFBC}") = "XO", "XO\XO.csproj", "{7E3C7081-E64A-482F-8797-9B0864FEDCAA}"
EndProject
Global
	GlobalSection(SolutionConfigurationPlatforms) = preSolution
		Debug|Any CPU = Debug|Any CPU
		Release|Any CPU = Release|Any CPU
	EndGlobalSection
	GlobalSection(ProjectConfigurationPlatforms) = postSolution
		{123236DF-C714-40D9-AD66-1D8CBE18A880}.Debug|Any CPU.ActiveCfg = Debug|Any CPU
		{123236DF-C714-40D9-AD66-1D8CBE18A880}.Debug|Any CPU.Build.0 = Debug|Any CPU
		{123236DF-C714-40D9-AD66-1D8CBE18A880}.Release|Any CPU.ActiveCfg = Release|Any CPU
		{123236DF-C714-40D9-AD66-1D8CBE18A880}.Release|Any CPU.Build.0 = Release|Any CPU
		{7E3C7081-E64A-482F-8797-9B0864FEDCAA}.Debug|Any CPU.ActiveCfg = Debug|Any CPU
		{7E3C7081-E64A-482F-8797-9B0864FEDCAA}.Debug|Any CPU.Build.0 = Debug|Any CPU
		{7E3C7081-E64A-482F-8797-9B0864FEDCAA}.Release|Any CPU.ActiveCfg = Release|Any CPU
		{7E3C7081-E64A-482F-8797-9B0864FEDCAA}.Release|Any CPU.Build.0 = Release|Any CPU
	EndGlobalSection
	GlobalSection(SolutionProperties) = preSolution
		HideSolutionNode = FALSE
	EndGlobalSection
	GlobalSection(ExtensibilityGlobals) = postSolution
		SolutionGuid = {33AB6A9C-C344-4EB3-B61F-242EBCF6E41F}
	EndGlobalSection
EndGlobal
